
Microsoft Visual Studio Solution File, Format Version 12.00
# Visual Studio Version 17
VisualStudioVersion = 17.8.34316.72
MinimumVisualStudioVersion = 10.0.40219.1
Project("{9A19103F-16F7-4668-BE54-9A1E7A4F7556}") = "PlayOn24", "PlayOn24.csproj", "{F5CB3B61-2F0C-43AD-BA59-17B10959FEA4}"
EndProject
Global
	GlobalSection(SolutionConfigurationPlatforms) = preSolution
		Debug|Any CPU = Debug|Any CPU
		Release|Any CPU = Release|Any CPU
	EndGlobalSection
	GlobalSection(ProjectConfigurationPlatforms) = postSolution
		{F5CB3B61-2F0C-43AD-BA59-17B10959FEA4}.Debug|Any CPU.ActiveCfg = Debug|Any CPU
		{F5CB3B61-2F0C-43AD-BA59-17B10959FEA4}.Debug|Any CPU.Build.0 = Debug|Any CPU
		{F5CB3B61-2F0C-43AD-BA59-17B10959FEA4}.Release|Any CPU.ActiveCfg = Release|Any CPU
		{F5CB3B61-2F0C-43AD-BA59-17B10959FEA4}.Release|Any CPU.Build.0 = Release|Any CPU
	EndGlobalSection
	GlobalSection(SolutionProperties) = preSolution
		HideSolutionNode = FALSE
	EndGlobalSection
	GlobalSection(ExtensibilityGlobals) = postSolution
		SolutionGuid = {AD211387-6334-45DB-82AD-96D671313A93}
	EndGlobalSection
EndGlobal
